// !$*UTF8*$!
{
	archiveVersion = 1;
	classes = {
	};
	objectVersion = 46;
	objects = {

/* Begin PBXBuildFile section */
		DB38ECC91868977200028517 /* Foundation.framework in Frameworks */ = {isa = PBXBuildFile; fileRef = DB38ECC81868977200028517 /* Foundation.framework */; };
		DB38ECCB1868977200028517 /* CoreGraphics.framework in Frameworks */ = {isa = PBXBuildFile; fileRef = DB38ECCA1868977200028517 /* CoreGraphics.framework */; };
		DB38ECCD1868977200028517 /* UIKit.framework in Frameworks */ = {isa = PBXBuildFile; fileRef = DB38ECCC1868977200028517 /* UIKit.framework */; };
		DB38ECD31868977200028517 /* InfoPlist.strings in Resources */ = {isa = PBXBuildFile; fileRef = DB38ECD11868977200028517 /* InfoPlist.strings */; };
		DB38ECD51868977200028517 /* main.m in Sources */ = {isa = PBXBuildFile; fileRef = DB38ECD41868977200028517 /* main.m */; };
		DB38ECD91868977200028517 /* HMAppDelegate.m in Sources */ = {isa = PBXBuildFile; fileRef = DB38ECD81868977200028517 /* HMAppDelegate.m */; };
		DB38ECDB1868977200028517 /* Images.xcassets in Resources */ = {isa = PBXBuildFile; fileRef = DB38ECDA1868977200028517 /* Images.xcassets */; };
		DB38ECE21868977200028517 /* XCTest.framework in Frameworks */ = {isa = PBXBuildFile; fileRef = DB38ECE11868977200028517 /* XCTest.framework */; };
		DB38ECE31868977200028517 /* Foundation.framework in Frameworks */ = {isa = PBXBuildFile; fileRef = DB38ECC81868977200028517 /* Foundation.framework */; };
		DB38ECE41868977200028517 /* UIKit.framework in Frameworks */ = {isa = PBXBuildFile; fileRef = DB38ECCC1868977200028517 /* UIKit.framework */; };
		DB38ECEC1868977200028517 /* InfoPlist.strings in Resources */ = {isa = PBXBuildFile; fileRef = DB38ECEA1868977200028517 /* InfoPlist.strings */; };
		DB38ECEE1868977200028517 /* WheelyTestAppTests.m in Sources */ = {isa = PBXBuildFile; fileRef = DB38ECED1868977200028517 /* WheelyTestAppTests.m */; };
		DB38ECF81868A18A00028517 /* Main~iphone.storyboard in Resources */ = {isa = PBXBuildFile; fileRef = DB38ECF71868A18A00028517 /* Main~iphone.storyboard */; };
		DB38ECFA1868A1D200028517 /* Main~ipad.storyboard in Resources */ = {isa = PBXBuildFile; fileRef = DB38ECF91868A1D200028517 /* Main~ipad.storyboard */; };
		DB38ECFF1868A28A00028517 /* HMBaseViewController.m in Sources */ = {isa = PBXBuildFile; fileRef = DB38ECFE1868A28A00028517 /* HMBaseViewController.m */; };
		DB38ED021868A29D00028517 /* HMBaseTableViewController.m in Sources */ = {isa = PBXBuildFile; fileRef = DB38ED011868A29D00028517 /* HMBaseTableViewController.m */; };
		DB38ED051868A39600028517 /* HMWheelViewController.m in Sources */ = {isa = PBXBuildFile; fileRef = DB38ED041868A39600028517 /* HMWheelViewController.m */; };
		DB83024C1868B53600320F12 /* MBProgressHUD.m in Sources */ = {isa = PBXBuildFile; fileRef = DB83024B1868B53600320F12 /* MBProgressHUD.m */; };
		DB83027B1868B7CD00320F12 /* Common.m in Sources */ = {isa = PBXBuildFile; fileRef = DB83024F1868B7CD00320F12 /* Common.m */; };
		DB83027D1868B7CD00320F12 /* UIDevice+Platform.m in Sources */ = {isa = PBXBuildFile; fileRef = DB8302531868B7CD00320F12 /* UIDevice+Platform.m */; };
		DB83027E1868B7CD00320F12 /* UIFunctions.m in Sources */ = {isa = PBXBuildFile; fileRef = DB8302551868B7CD00320F12 /* UIFunctions.m */; };
		DB83027F1868B7CD00320F12 /* UILabel+Additions.m in Sources */ = {isa = PBXBuildFile; fileRef = DB8302571868B7CD00320F12 /* UILabel+Additions.m */; };
		DB8302821868B7CD00320F12 /* DataProvider.m in Sources */ = {isa = PBXBuildFile; fileRef = DB83025E1868B7CD00320F12 /* DataProvider.m */; };
		DB8302831868B7CD00320F12 /* DataProviderFactory.m in Sources */ = {isa = PBXBuildFile; fileRef = DB8302601868B7CD00320F12 /* DataProviderFactory.m */; };
		DB8302841868B7CD00320F12 /* WebServiceDataProvider.m in Sources */ = {isa = PBXBuildFile; fileRef = DB8302621868B7CD00320F12 /* WebServiceDataProvider.m */; };
		DB8302861868B7CD00320F12 /* RequestResultsController.m in Sources */ = {isa = PBXBuildFile; fileRef = DB8302671868B7CD00320F12 /* RequestResultsController.m */; };
		DB8302881868B7CD00320F12 /* HMItem.m in Sources */ = {isa = PBXBuildFile; fileRef = DB83026C1868B7CD00320F12 /* HMItem.m */; };
		DB8302891868B7CD00320F12 /* HMObject.m in Sources */ = {isa = PBXBuildFile; fileRef = DB83026E1868B7CD00320F12 /* HMObject.m */; };
		DB8302951868C28F00320F12 /* HMModelObjectFactory.m in Sources */ = {isa = PBXBuildFile; fileRef = DB83028F1868C28F00320F12 /* HMModelObjectFactory.m */; };
		DB8302971868C28F00320F12 /* ModelObjectFactory.m in Sources */ = {isa = PBXBuildFile; fileRef = DB8302931868C28F00320F12 /* ModelObjectFactory.m */; };
		DB83029B1868DF2400320F12 /* HMDetailsViewController.m in Sources */ = {isa = PBXBuildFile; fileRef = DB83029A1868DF2400320F12 /* HMDetailsViewController.m */; };
/* End PBXBuildFile section */

/* Begin PBXContainerItemProxy section */
		DB38ECE51868977200028517 /* PBXContainerItemProxy */ = {
			isa = PBXContainerItemProxy;
			containerPortal = DB38ECBD1868977200028517 /* Project object */;
			proxyType = 1;
			remoteGlobalIDString = DB38ECC41868977200028517;
			remoteInfo = WheelyTestApp;
		};
/* End PBXContainerItemProxy section */

/* Begin PBXFileReference section */
		81D6969AC06A45599DD0519E /* libPods.a */ = {isa = PBXFileReference; explicitFileType = archive.ar; includeInIndex = 0; path = libPods.a; sourceTree = BUILT_PRODUCTS_DIR; };
		DB38ECC51868977200028517 /* WheelyTestApp.app */ = {isa = PBXFileReference; explicitFileType = wrapper.application; includeInIndex = 0; path = WheelyTestApp.app; sourceTree = BUILT_PRODUCTS_DIR; };
		DB38ECC81868977200028517 /* Foundation.framework */ = {isa = PBXFileReference; lastKnownFileType = wrapper.framework; name = Foundation.framework; path = System/Library/Frameworks/Foundation.framework; sourceTree = SDKROOT; };
		DB38ECCA1868977200028517 /* CoreGraphics.framework */ = {isa = PBXFileReference; lastKnownFileType = wrapper.framework; name = CoreGraphics.framework; path = System/Library/Frameworks/CoreGraphics.framework; sourceTree = SDKROOT; };
		DB38ECCC1868977200028517 /* UIKit.framework */ = {isa = PBXFileReference; lastKnownFileType = wrapper.framework; name = UIKit.framework; path = System/Library/Frameworks/UIKit.framework; sourceTree = SDKROOT; };
		DB38ECD01868977200028517 /* WheelyTestApp-Info.plist */ = {isa = PBXFileReference; lastKnownFileType = text.plist.xml; path = "WheelyTestApp-Info.plist"; sourceTree = "<group>"; };
		DB38ECD21868977200028517 /* en */ = {isa = PBXFileReference; lastKnownFileType = text.plist.strings; name = en; path = en.lproj/InfoPlist.strings; sourceTree = "<group>"; };
		DB38ECD41868977200028517 /* main.m */ = {isa = PBXFileReference; lastKnownFileType = sourcecode.c.objc; path = main.m; sourceTree = "<group>"; };
		DB38ECD61868977200028517 /* WheelyTestApp-Prefix.pch */ = {isa = PBXFileReference; lastKnownFileType = sourcecode.c.h; path = "WheelyTestApp-Prefix.pch"; sourceTree = "<group>"; };
		DB38ECD71868977200028517 /* HMAppDelegate.h */ = {isa = PBXFileReference; lastKnownFileType = sourcecode.c.h; path = HMAppDelegate.h; sourceTree = "<group>"; };
		DB38ECD81868977200028517 /* HMAppDelegate.m */ = {isa = PBXFileReference; lastKnownFileType = sourcecode.c.objc; path = HMAppDelegate.m; sourceTree = "<group>"; };
		DB38ECDA1868977200028517 /* Images.xcassets */ = {isa = PBXFileReference; lastKnownFileType = folder.assetcatalog; path = Images.xcassets; sourceTree = "<group>"; };
		DB38ECE01868977200028517 /* WheelyTestAppTests.xctest */ = {isa = PBXFileReference; explicitFileType = wrapper.cfbundle; includeInIndex = 0; path = WheelyTestAppTests.xctest; sourceTree = BUILT_PRODUCTS_DIR; };
		DB38ECE11868977200028517 /* XCTest.framework */ = {isa = PBXFileReference; lastKnownFileType = wrapper.framework; name = XCTest.framework; path = Library/Frameworks/XCTest.framework; sourceTree = DEVELOPER_DIR; };
		DB38ECE91868977200028517 /* WheelyTestAppTests-Info.plist */ = {isa = PBXFileReference; lastKnownFileType = text.plist.xml; path = "WheelyTestAppTests-Info.plist"; sourceTree = "<group>"; };
		DB38ECEB1868977200028517 /* en */ = {isa = PBXFileReference; lastKnownFileType = text.plist.strings; name = en; path = en.lproj/InfoPlist.strings; sourceTree = "<group>"; };
		DB38ECED1868977200028517 /* WheelyTestAppTests.m */ = {isa = PBXFileReference; lastKnownFileType = sourcecode.c.objc; path = WheelyTestAppTests.m; sourceTree = "<group>"; };
		DB38ECF71868A18A00028517 /* Main~iphone.storyboard */ = {isa = PBXFileReference; fileEncoding = 4; lastKnownFileType = file.storyboard; path = "Main~iphone.storyboard"; sourceTree = "<group>"; };
		DB38ECF91868A1D200028517 /* Main~ipad.storyboard */ = {isa = PBXFileReference; fileEncoding = 4; lastKnownFileType = file.storyboard; path = "Main~ipad.storyboard"; sourceTree = "<group>"; };
		DB38ECFD1868A28A00028517 /* HMBaseViewController.h */ = {isa = PBXFileReference; fileEncoding = 4; lastKnownFileType = sourcecode.c.h; name = HMBaseViewController.h; path = Controller/Base/HMBaseViewController.h; sourceTree = "<group>"; };
		DB38ECFE1868A28A00028517 /* HMBaseViewController.m */ = {isa = PBXFileReference; fileEncoding = 4; lastKnownFileType = sourcecode.c.objc; name = HMBaseViewController.m; path = Controller/Base/HMBaseViewController.m; sourceTree = "<group>"; };
		DB38ED001868A29D00028517 /* HMBaseTableViewController.h */ = {isa = PBXFileReference; fileEncoding = 4; lastKnownFileType = sourcecode.c.h; name = HMBaseTableViewController.h; path = Controller/Base/HMBaseTableViewController.h; sourceTree = "<group>"; };
		DB38ED011868A29D00028517 /* HMBaseTableViewController.m */ = {isa = PBXFileReference; fileEncoding = 4; lastKnownFileType = sourcecode.c.objc; name = HMBaseTableViewController.m; path = Controller/Base/HMBaseTableViewController.m; sourceTree = "<group>"; };
		DB38ED031868A39600028517 /* HMWheelViewController.h */ = {isa = PBXFileReference; fileEncoding = 4; lastKnownFileType = sourcecode.c.h; name = HMWheelViewController.h; path = Controller/HMWheelViewController.h; sourceTree = "<group>"; };
		DB38ED041868A39600028517 /* HMWheelViewController.m */ = {isa = PBXFileReference; fileEncoding = 4; lastKnownFileType = sourcecode.c.objc; name = HMWheelViewController.m; path = Controller/HMWheelViewController.m; sourceTree = "<group>"; };
		DB83024A1868B53600320F12 /* MBProgressHUD.h */ = {isa = PBXFileReference; fileEncoding = 4; lastKnownFileType = sourcecode.c.h; path = MBProgressHUD.h; sourceTree = "<group>"; };
		DB83024B1868B53600320F12 /* MBProgressHUD.m */ = {isa = PBXFileReference; fileEncoding = 4; lastKnownFileType = sourcecode.c.objc; path = MBProgressHUD.m; sourceTree = "<group>"; };
		DB83024E1868B7CD00320F12 /* Common.h */ = {isa = PBXFileReference; fileEncoding = 4; lastKnownFileType = sourcecode.c.h; path = Common.h; sourceTree = "<group>"; };
		DB83024F1868B7CD00320F12 /* Common.m */ = {isa = PBXFileReference; fileEncoding = 4; lastKnownFileType = sourcecode.c.objc; path = Common.m; sourceTree = "<group>"; };
		DB8302521868B7CD00320F12 /* UIDevice+Platform.h */ = {isa = PBXFileReference; fileEncoding = 4; lastKnownFileType = sourcecode.c.h; path = "UIDevice+Platform.h"; sourceTree = "<group>"; };
		DB8302531868B7CD00320F12 /* UIDevice+Platform.m */ = {isa = PBXFileReference; fileEncoding = 4; lastKnownFileType = sourcecode.c.objc; path = "UIDevice+Platform.m"; sourceTree = "<group>"; };
		DB8302541868B7CD00320F12 /* UIFunctions.h */ = {isa = PBXFileReference; fileEncoding = 4; lastKnownFileType = sourcecode.c.h; path = UIFunctions.h; sourceTree = "<group>"; };
		DB8302551868B7CD00320F12 /* UIFunctions.m */ = {isa = PBXFileReference; fileEncoding = 4; lastKnownFileType = sourcecode.c.objc; path = UIFunctions.m; sourceTree = "<group>"; };
		DB8302561868B7CD00320F12 /* UILabel+Additions.h */ = {isa = PBXFileReference; fileEncoding = 4; lastKnownFileType = sourcecode.c.h; path = "UILabel+Additions.h"; sourceTree = "<group>"; };
		DB8302571868B7CD00320F12 /* UILabel+Additions.m */ = {isa = PBXFileReference; fileEncoding = 4; lastKnownFileType = sourcecode.c.objc; path = "UILabel+Additions.m"; sourceTree = "<group>"; };
		DB83025D1868B7CD00320F12 /* DataProvider.h */ = {isa = PBXFileReference; fileEncoding = 4; lastKnownFileType = sourcecode.c.h; path = DataProvider.h; sourceTree = "<group>"; };
		DB83025E1868B7CD00320F12 /* DataProvider.m */ = {isa = PBXFileReference; fileEncoding = 4; lastKnownFileType = sourcecode.c.objc; path = DataProvider.m; sourceTree = "<group>"; };
		DB83025F1868B7CD00320F12 /* DataProviderFactory.h */ = {isa = PBXFileReference; fileEncoding = 4; lastKnownFileType = sourcecode.c.h; path = DataProviderFactory.h; sourceTree = "<group>"; };
		DB8302601868B7CD00320F12 /* DataProviderFactory.m */ = {isa = PBXFileReference; fileEncoding = 4; lastKnownFileType = sourcecode.c.objc; path = DataProviderFactory.m; sourceTree = "<group>"; };
		DB8302611868B7CD00320F12 /* WebServiceDataProvider.h */ = {isa = PBXFileReference; fileEncoding = 4; lastKnownFileType = sourcecode.c.h; path = WebServiceDataProvider.h; sourceTree = "<group>"; };
		DB8302621868B7CD00320F12 /* WebServiceDataProvider.m */ = {isa = PBXFileReference; fileEncoding = 4; lastKnownFileType = sourcecode.c.objc; path = WebServiceDataProvider.m; sourceTree = "<group>"; };
		DB8302661868B7CD00320F12 /* RequestResultsController.h */ = {isa = PBXFileReference; fileEncoding = 4; lastKnownFileType = sourcecode.c.h; path = RequestResultsController.h; sourceTree = "<group>"; };
		DB8302671868B7CD00320F12 /* RequestResultsController.m */ = {isa = PBXFileReference; fileEncoding = 4; lastKnownFileType = sourcecode.c.objc; path = RequestResultsController.m; sourceTree = "<group>"; };
		DB83026B1868B7CD00320F12 /* HMItem.h */ = {isa = PBXFileReference; fileEncoding = 4; lastKnownFileType = sourcecode.c.h; path = HMItem.h; sourceTree = "<group>"; };
		DB83026C1868B7CD00320F12 /* HMItem.m */ = {isa = PBXFileReference; fileEncoding = 4; lastKnownFileType = sourcecode.c.objc; path = HMItem.m; sourceTree = "<group>"; };
		DB83026D1868B7CD00320F12 /* HMObject.h */ = {isa = PBXFileReference; fileEncoding = 4; lastKnownFileType = sourcecode.c.h; path = HMObject.h; sourceTree = "<group>"; };
		DB83026E1868B7CD00320F12 /* HMObject.m */ = {isa = PBXFileReference; fileEncoding = 4; lastKnownFileType = sourcecode.c.objc; path = HMObject.m; sourceTree = "<group>"; };
		DB8302781868B7CD00320F12 /* ItemWrapperProtocol.h */ = {isa = PBXFileReference; fileEncoding = 4; lastKnownFileType = sourcecode.c.h; path = ItemWrapperProtocol.h; sourceTree = "<group>"; };
		DB8302791868B7CD00320F12 /* ModelWrapper.h */ = {isa = PBXFileReference; fileEncoding = 4; lastKnownFileType = sourcecode.c.h; path = ModelWrapper.h; sourceTree = "<group>"; };
		DB83027A1868B7CD00320F12 /* ObjectWrapperProtocol.h */ = {isa = PBXFileReference; fileEncoding = 4; lastKnownFileType = sourcecode.c.h; path = ObjectWrapperProtocol.h; sourceTree = "<group>"; };
		DB83028E1868C28F00320F12 /* HMModelObjectFactory.h */ = {isa = PBXFileReference; fileEncoding = 4; lastKnownFileType = sourcecode.c.h; path = HMModelObjectFactory.h; sourceTree = "<group>"; };
		DB83028F1868C28F00320F12 /* HMModelObjectFactory.m */ = {isa = PBXFileReference; fileEncoding = 4; lastKnownFileType = sourcecode.c.objc; path = HMModelObjectFactory.m; sourceTree = "<group>"; };
		DB8302921868C28F00320F12 /* ModelObjectFactory.h */ = {isa = PBXFileReference; fileEncoding = 4; lastKnownFileType = sourcecode.c.h; path = ModelObjectFactory.h; sourceTree = "<group>"; };
		DB8302931868C28F00320F12 /* ModelObjectFactory.m */ = {isa = PBXFileReference; fileEncoding = 4; lastKnownFileType = sourcecode.c.objc; path = ModelObjectFactory.m; sourceTree = "<group>"; };
		DB8302941868C28F00320F12 /* ObjectFactoryProtocol.h */ = {isa = PBXFileReference; fileEncoding = 4; lastKnownFileType = sourcecode.c.h; path = ObjectFactoryProtocol.h; sourceTree = "<group>"; };
		DB8302991868DF2400320F12 /* HMDetailsViewController.h */ = {isa = PBXFileReference; fileEncoding = 4; lastKnownFileType = sourcecode.c.h; name = HMDetailsViewController.h; path = Controller/HMDetailsViewController.h; sourceTree = "<group>"; };
		DB83029A1868DF2400320F12 /* HMDetailsViewController.m */ = {isa = PBXFileReference; fileEncoding = 4; lastKnownFileType = sourcecode.c.objc; name = HMDetailsViewController.m; path = Controller/HMDetailsViewController.m; sourceTree = "<group>"; };
/* End PBXFileReference section */

/* Begin PBXFrameworksBuildPhase section */
		DB38ECC21868977200028517 /* Frameworks */ = {
			isa = PBXFrameworksBuildPhase;
			buildActionMask = 2147483647;
			files = (
				DB38ECCB1868977200028517 /* CoreGraphics.framework in Frameworks */,
				DB38ECCD1868977200028517 /* UIKit.framework in Frameworks */,
				DB38ECC91868977200028517 /* Foundation.framework in Frameworks */,
			);
			runOnlyForDeploymentPostprocessing = 0;
		};
		DB38ECDD1868977200028517 /* Frameworks */ = {
			isa = PBXFrameworksBuildPhase;
			buildActionMask = 2147483647;
			files = (
				DB38ECE21868977200028517 /* XCTest.framework in Frameworks */,
				DB38ECE41868977200028517 /* UIKit.framework in Frameworks */,
				DB38ECE31868977200028517 /* Foundation.framework in Frameworks */,
			);
			runOnlyForDeploymentPostprocessing = 0;
		};
/* End PBXFrameworksBuildPhase section */

/* Begin PBXGroup section */
		DB38ECBC1868977200028517 = {
			isa = PBXGroup;
			children = (
				DB38ECCE1868977200028517 /* WheelyTestApp */,
				DB38ECE71868977200028517 /* WheelyTestAppTests */,
				DB38ECC71868977200028517 /* Frameworks */,
				DB38ECC61868977200028517 /* Products */,
			);
			sourceTree = "<group>";
		};
		DB38ECC61868977200028517 /* Products */ = {
			isa = PBXGroup;
			children = (
				DB38ECC51868977200028517 /* WheelyTestApp.app */,
				DB38ECE01868977200028517 /* WheelyTestAppTests.xctest */,
			);
			name = Products;
			sourceTree = "<group>";
		};
		DB38ECC71868977200028517 /* Frameworks */ = {
			isa = PBXGroup;
			children = (
				DB38ECC81868977200028517 /* Foundation.framework */,
				DB38ECCA1868977200028517 /* CoreGraphics.framework */,
				DB38ECCC1868977200028517 /* UIKit.framework */,
				DB38ECE11868977200028517 /* XCTest.framework */,
				81D6969AC06A45599DD0519E /* libPods.a */,
			);
			name = Frameworks;
			sourceTree = "<group>";
		};
		DB38ECCE1868977200028517 /* WheelyTestApp */ = {
			isa = PBXGroup;
			children = (
				DB38ED071868A7DA00028517 /* Model */,
				DB38ED061868A4CE00028517 /* View */,
				DB38ECFB1868A22D00028517 /* Controller */,
				DB38ECD71868977200028517 /* HMAppDelegate.h */,
				DB38ECD81868977200028517 /* HMAppDelegate.m */,
				DB38ECDA1868977200028517 /* Images.xcassets */,
				DB38ECCF1868977200028517 /* Supporting Files */,
				DB38ECF71868A18A00028517 /* Main~iphone.storyboard */,
				DB38ECF91868A1D200028517 /* Main~ipad.storyboard */,
			);
			path = WheelyTestApp;
			sourceTree = "<group>";
		};
		DB38ECCF1868977200028517 /* Supporting Files */ = {
			isa = PBXGroup;
			children = (
				DB38ECD01868977200028517 /* WheelyTestApp-Info.plist */,
				DB38ECD11868977200028517 /* InfoPlist.strings */,
				DB38ECD41868977200028517 /* main.m */,
				DB38ECD61868977200028517 /* WheelyTestApp-Prefix.pch */,
			);
			name = "Supporting Files";
			sourceTree = "<group>";
		};
		DB38ECE71868977200028517 /* WheelyTestAppTests */ = {
			isa = PBXGroup;
			children = (
				DB38ECED1868977200028517 /* WheelyTestAppTests.m */,
				DB38ECE81868977200028517 /* Supporting Files */,
			);
			path = WheelyTestAppTests;
			sourceTree = "<group>";
		};
		DB38ECE81868977200028517 /* Supporting Files */ = {
			isa = PBXGroup;
			children = (
				DB38ECE91868977200028517 /* WheelyTestAppTests-Info.plist */,
				DB38ECEA1868977200028517 /* InfoPlist.strings */,
			);
			name = "Supporting Files";
			sourceTree = "<group>";
		};
		DB38ECFB1868A22D00028517 /* Controller */ = {
			isa = PBXGroup;
			children = (
				DB38ECFC1868A23500028517 /* Base */,
				DB38ED031868A39600028517 /* HMWheelViewController.h */,
				DB38ED041868A39600028517 /* HMWheelViewController.m */,
				DB8302991868DF2400320F12 /* HMDetailsViewController.h */,
				DB83029A1868DF2400320F12 /* HMDetailsViewController.m */,
			);
			name = Controller;
			sourceTree = "<group>";
		};
		DB38ECFC1868A23500028517 /* Base */ = {
			isa = PBXGroup;
			children = (
				DB38ECFD1868A28A00028517 /* HMBaseViewController.h */,
				DB38ECFE1868A28A00028517 /* HMBaseViewController.m */,
				DB38ED001868A29D00028517 /* HMBaseTableViewController.h */,
				DB38ED011868A29D00028517 /* HMBaseTableViewController.m */,
			);
			name = Base;
			sourceTree = "<group>";
		};
		DB38ED061868A4CE00028517 /* View */ = {
			isa = PBXGroup;
			children = (
			);
			name = View;
			sourceTree = "<group>";
		};
		DB38ED071868A7DA00028517 /* Model */ = {
			isa = PBXGroup;
			children = (
				DB83028D1868C28F00320F12 /* ModelObjectsFactories */,
				DB83024D1868B7CD00320F12 /* Common */,
				DB83025A1868B7CD00320F12 /* DataProvider */,
				DB83026A1868B7CD00320F12 /* HMModel */,
				DB8302771868B7CD00320F12 /* ModelWrapper */,
				DB8301F61868B46E00320F12 /* ThirdParty */,
			);
			name = Model;
			sourceTree = "<group>";
		};
		DB8301F61868B46E00320F12 /* ThirdParty */ = {
			isa = PBXGroup;
			children = (
				DB8302491868B53600320F12 /* MBProgressHUD */,
			);
			name = ThirdParty;
			sourceTree = "<group>";
		};
		DB8302491868B53600320F12 /* MBProgressHUD */ = {
			isa = PBXGroup;
			children = (
				DB83024A1868B53600320F12 /* MBProgressHUD.h */,
				DB83024B1868B53600320F12 /* MBProgressHUD.m */,
			);
			name = MBProgressHUD;
			path = Model/ThirdParty/MBProgressHUD;
			sourceTree = "<group>";
		};
		DB83024D1868B7CD00320F12 /* Common */ = {
			isa = PBXGroup;
			children = (
				DB83024E1868B7CD00320F12 /* Common.h */,
				DB83024F1868B7CD00320F12 /* Common.m */,
				DB8302521868B7CD00320F12 /* UIDevice+Platform.h */,
				DB8302531868B7CD00320F12 /* UIDevice+Platform.m */,
				DB8302541868B7CD00320F12 /* UIFunctions.h */,
				DB8302551868B7CD00320F12 /* UIFunctions.m */,
				DB8302561868B7CD00320F12 /* UILabel+Additions.h */,
				DB8302571868B7CD00320F12 /* UILabel+Additions.m */,
			);
			name = Common;
			path = Model/Common;
			sourceTree = "<group>";
		};
		DB83025A1868B7CD00320F12 /* DataProvider */ = {
			isa = PBXGroup;
			children = (
				DB83025D1868B7CD00320F12 /* DataProvider.h */,
				DB83025E1868B7CD00320F12 /* DataProvider.m */,
				DB83025F1868B7CD00320F12 /* DataProviderFactory.h */,
				DB8302601868B7CD00320F12 /* DataProviderFactory.m */,
				DB8302611868B7CD00320F12 /* WebServiceDataProvider.h */,
				DB8302621868B7CD00320F12 /* WebServiceDataProvider.m */,
				DB8302661868B7CD00320F12 /* RequestResultsController.h */,
				DB8302671868B7CD00320F12 /* RequestResultsController.m */,
			);
			name = DataProvider;
			path = Model/DataProvider;
			sourceTree = "<group>";
		};
		DB83026A1868B7CD00320F12 /* HMModel */ = {
			isa = PBXGroup;
			children = (
				DB83026B1868B7CD00320F12 /* HMItem.h */,
				DB83026C1868B7CD00320F12 /* HMItem.m */,
				DB83026D1868B7CD00320F12 /* HMObject.h */,
				DB83026E1868B7CD00320F12 /* HMObject.m */,
			);
			name = HMModel;
			path = Model/HMModel;
			sourceTree = "<group>";
		};
		DB8302771868B7CD00320F12 /* ModelWrapper */ = {
			isa = PBXGroup;
			children = (
				DB8302781868B7CD00320F12 /* ItemWrapperProtocol.h */,
				DB8302791868B7CD00320F12 /* ModelWrapper.h */,
				DB83027A1868B7CD00320F12 /* ObjectWrapperProtocol.h */,
			);
			name = ModelWrapper;
			path = Model/ModelWrapper;
			sourceTree = "<group>";
		};
		DB83028D1868C28F00320F12 /* ModelObjectsFactories */ = {
			isa = PBXGroup;
			children = (
				DB83028E1868C28F00320F12 /* HMModelObjectFactory.h */,
				DB83028F1868C28F00320F12 /* HMModelObjectFactory.m */,
				DB8302921868C28F00320F12 /* ModelObjectFactory.h */,
				DB8302931868C28F00320F12 /* ModelObjectFactory.m */,
				DB8302941868C28F00320F12 /* ObjectFactoryProtocol.h */,
			);
			path = ModelObjectsFactories;
			sourceTree = "<group>";
		};
/* End PBXGroup section */

/* Begin PBXNativeTarget section */
		DB38ECC41868977200028517 /* WheelyTestApp */ = {
			isa = PBXNativeTarget;
			buildConfigurationList = DB38ECF11868977200028517 /* Build configuration list for PBXNativeTarget "WheelyTestApp" */;
			buildPhases = (
				DB38ECC11868977200028517 /* Sources */,
				DB38ECC21868977200028517 /* Frameworks */,
				DB38ECC31868977200028517 /* Resources */,
			);
			buildRules = (
			);
			dependencies = (
			);
			name = WheelyTestApp;
			productName = WheelyTestApp;
			productReference = DB38ECC51868977200028517 /* WheelyTestApp.app */;
			productType = "com.apple.product-type.application";
		};
		DB38ECDF1868977200028517 /* WheelyTestAppTests */ = {
			isa = PBXNativeTarget;
			buildConfigurationList = DB38ECF41868977200028517 /* Build configuration list for PBXNativeTarget "WheelyTestAppTests" */;
			buildPhases = (
				DB38ECDC1868977200028517 /* Sources */,
				DB38ECDD1868977200028517 /* Frameworks */,
				DB38ECDE1868977200028517 /* Resources */,
			);
			buildRules = (
			);
			dependencies = (
				DB38ECE61868977200028517 /* PBXTargetDependency */,
			);
			name = WheelyTestAppTests;
			productName = WheelyTestAppTests;
			productReference = DB38ECE01868977200028517 /* WheelyTestAppTests.xctest */;
			productType = "com.apple.product-type.bundle.unit-test";
		};
/* End PBXNativeTarget section */

/* Begin PBXProject section */
		DB38ECBD1868977200028517 /* Project object */ = {
			isa = PBXProject;
			attributes = {
				CLASSPREFIX = HM;
				LastUpgradeCheck = 0510;
				ORGANIZATIONNAME = hexmasters;
				TargetAttributes = {
					DB38ECDF1868977200028517 = {
						TestTargetID = DB38ECC41868977200028517;
					};
				};
			};
			buildConfigurationList = DB38ECC01868977200028517 /* Build configuration list for PBXProject "WheelyTestApp" */;
			compatibilityVersion = "Xcode 3.2";
			developmentRegion = English;
			hasScannedForEncodings = 0;
			knownRegions = (
				en,
			);
			mainGroup = DB38ECBC1868977200028517;
			productRefGroup = DB38ECC61868977200028517 /* Products */;
			projectDirPath = "";
			projectRoot = "";
			targets = (
				DB38ECC41868977200028517 /* WheelyTestApp */,
				DB38ECDF1868977200028517 /* WheelyTestAppTests */,
			);
		};
/* End PBXProject section */

/* Begin PBXResourcesBuildPhase section */
		DB38ECC31868977200028517 /* Resources */ = {
			isa = PBXResourcesBuildPhase;
			buildActionMask = 2147483647;
			files = (
				DB38ECFA1868A1D200028517 /* Main~ipad.storyboard in Resources */,
				DB38ECD31868977200028517 /* InfoPlist.strings in Resources */,
				DB38ECF81868A18A00028517 /* Main~iphone.storyboard in Resources */,
				DB38ECDB1868977200028517 /* Images.xcassets in Resources */,
			);
			runOnlyForDeploymentPostprocessing = 0;
		};
		DB38ECDE1868977200028517 /* Resources */ = {
			isa = PBXResourcesBuildPhase;
			buildActionMask = 2147483647;
			files = (
				DB38ECEC1868977200028517 /* InfoPlist.strings in Resources */,
			);
			runOnlyForDeploymentPostprocessing = 0;
		};
/* End PBXResourcesBuildPhase section */

/* Begin PBXSourcesBuildPhase section */
		DB38ECC11868977200028517 /* Sources */ = {
			isa = PBXSourcesBuildPhase;
			buildActionMask = 2147483647;
			files = (
				DB8302971868C28F00320F12 /* ModelObjectFactory.m in Sources */,
				DB8302881868B7CD00320F12 /* HMItem.m in Sources */,
				DB83027E1868B7CD00320F12 /* UIFunctions.m in Sources */,
				DB83027F1868B7CD00320F12 /* UILabel+Additions.m in Sources */,
				DB38ECD51868977200028517 /* main.m in Sources */,
				DB8302861868B7CD00320F12 /* RequestResultsController.m in Sources */,
				DB38ED051868A39600028517 /* HMWheelViewController.m in Sources */,
				DB83027B1868B7CD00320F12 /* Common.m in Sources */,
				DB8302821868B7CD00320F12 /* DataProvider.m in Sources */,
				DB38ED021868A29D00028517 /* HMBaseTableViewController.m in Sources */,
				DB8302831868B7CD00320F12 /* DataProviderFactory.m in Sources */,
				DB8302841868B7CD00320F12 /* WebServiceDataProvider.m in Sources */,
				DB8302891868B7CD00320F12 /* HMObject.m in Sources */,
				DB83027D1868B7CD00320F12 /* UIDevice+Platform.m in Sources */,
				DB8302951868C28F00320F12 /* HMModelObjectFactory.m in Sources */,
				DB83029B1868DF2400320F12 /* HMDetailsViewController.m in Sources */,
				DB83024C1868B53600320F12 /* MBProgressHUD.m in Sources */,
				DB38ECD91868977200028517 /* HMAppDelegate.m in Sources */,
				DB38ECFF1868A28A00028517 /* HMBaseViewController.m in Sources */,
			);
			runOnlyForDeploymentPostprocessing = 0;
		};
		DB38ECDC1868977200028517 /* Sources */ = {
			isa = PBXSourcesBuildPhase;
			buildActionMask = 2147483647;
			files = (
				DB38ECEE1868977200028517 /* WheelyTestAppTests.m in Sources */,
			);
			runOnlyForDeploymentPostprocessing = 0;
		};
/* End PBXSourcesBuildPhase section */

/* Begin PBXTargetDependency section */
		DB38ECE61868977200028517 /* PBXTargetDependency */ = {
			isa = PBXTargetDependency;
			target = DB38ECC41868977200028517 /* WheelyTestApp */;
			targetProxy = DB38ECE51868977200028517 /* PBXContainerItemProxy */;
		};
/* End PBXTargetDependency section */

/* Begin PBXVariantGroup section */
		DB38ECD11868977200028517 /* InfoPlist.strings */ = {
			isa = PBXVariantGroup;
			children = (
				DB38ECD21868977200028517 /* en */,
			);
			name = InfoPlist.strings;
			sourceTree = "<group>";
		};
		DB38ECEA1868977200028517 /* InfoPlist.strings */ = {
			isa = PBXVariantGroup;
			children = (
				DB38ECEB1868977200028517 /* en */,
			);
			name = InfoPlist.strings;
			sourceTree = "<group>";
		};
/* End PBXVariantGroup section */

/* Begin XCBuildConfiguration section */
		DB38ECEF1868977200028517 /* Debug */ = {
			isa = XCBuildConfiguration;
			buildSettings = {
				ALWAYS_SEARCH_USER_PATHS = NO;
				ARCHS = "$(ARCHS_STANDARD_INCLUDING_64_BIT)";
				CLANG_CXX_LANGUAGE_STANDARD = "gnu++0x";
				CLANG_CXX_LIBRARY = "libc++";
				CLANG_ENABLE_MODULES = YES;
				CLANG_ENABLE_OBJC_ARC = YES;
				CLANG_WARN_BOOL_CONVERSION = YES;
				CLANG_WARN_CONSTANT_CONVERSION = YES;
				CLANG_WARN_DIRECT_OBJC_ISA_USAGE = YES_ERROR;
				CLANG_WARN_EMPTY_BODY = YES;
				CLANG_WARN_ENUM_CONVERSION = YES;
				CLANG_WARN_INT_CONVERSION = YES;
				CLANG_WARN_OBJC_ROOT_CLASS = YES_ERROR;
				CLANG_WARN__DUPLICATE_METHOD_MATCH = YES;
				"CODE_SIGN_IDENTITY[sdk=iphoneos*]" = "iPhone Developer";
				COPY_PHASE_STRIP = NO;
				GCC_C_LANGUAGE_STANDARD = gnu99;
				GCC_DYNAMIC_NO_PIC = NO;
				GCC_OPTIMIZATION_LEVEL = 0;
				GCC_PREPROCESSOR_DEFINITIONS = (
					"DEBUG=1",
					"$(inherited)",
				);
				GCC_SYMBOLS_PRIVATE_EXTERN = NO;
				GCC_WARN_64_TO_32_BIT_CONVERSION = YES;
				GCC_WARN_ABOUT_RETURN_TYPE = YES_ERROR;
				GCC_WARN_UNDECLARED_SELECTOR = YES;
				GCC_WARN_UNINITIALIZED_AUTOS = YES_AGGRESSIVE;
				GCC_WARN_UNUSED_FUNCTION = YES;
				GCC_WARN_UNUSED_VARIABLE = YES;
				IPHONEOS_DEPLOYMENT_TARGET = 7.1;
				ONLY_ACTIVE_ARCH = YES;
				SDKROOT = iphoneos;
				TARGETED_DEVICE_FAMILY = "1,2";
			};
			name = Debug;
		};
		DB38ECF01868977200028517 /* Release */ = {
			isa = XCBuildConfiguration;
			buildSettings = {
				ALWAYS_SEARCH_USER_PATHS = NO;
				ARCHS = "$(ARCHS_STANDARD_INCLUDING_64_BIT)";
				CLANG_CXX_LANGUAGE_STANDARD = "gnu++0x";
				CLANG_CXX_LIBRARY = "libc++";
				CLANG_ENABLE_MODULES = YES;
				CLANG_ENABLE_OBJC_ARC = YES;
				CLANG_WARN_BOOL_CONVERSION = YES;
				CLANG_WARN_CONSTANT_CONVERSION = YES;
				CLANG_WARN_DIRECT_OBJC_ISA_USAGE = YES_ERROR;
				CLANG_WARN_EMPTY_BODY = YES;
				CLANG_WARN_ENUM_CONVERSION = YES;
				CLANG_WARN_INT_CONVERSION = YES;
				CLANG_WARN_OBJC_ROOT_CLASS = YES_ERROR;
				CLANG_WARN__DUPLICATE_METHOD_MATCH = YES;
				"CODE_SIGN_IDENTITY[sdk=iphoneos*]" = "iPhone Developer";
				COPY_PHASE_STRIP = YES;
				ENABLE_NS_ASSERTIONS = NO;
				GCC_C_LANGUAGE_STANDARD = gnu99;
				GCC_WARN_64_TO_32_BIT_CONVERSION = YES;
				GCC_WARN_ABOUT_RETURN_TYPE = YES_ERROR;
				GCC_WARN_UNDECLARED_SELECTOR = YES;
				GCC_WARN_UNINITIALIZED_AUTOS = YES_AGGRESSIVE;
				GCC_WARN_UNUSED_FUNCTION = YES;
				GCC_WARN_UNUSED_VARIABLE = YES;
				IPHONEOS_DEPLOYMENT_TARGET = 7.1;
				SDKROOT = iphoneos;
				TARGETED_DEVICE_FAMILY = "1,2";
				VALIDATE_PRODUCT = YES;
			};
			name = Release;
		};
		DB38ECF21868977200028517 /* Debug */ = {
			isa = XCBuildConfiguration;
			buildSettings = {
				ASSETCATALOG_COMPILER_APPICON_NAME = AppIcon;
				ASSETCATALOG_COMPILER_LAUNCHIMAGE_NAME = LaunchImage;
				FRAMEWORK_SEARCH_PATHS = "";
				GCC_PRECOMPILE_PREFIX_HEADER = YES;
				GCC_PREFIX_HEADER = "WheelyTestApp/WheelyTestApp-Prefix.pch";
				HEADER_SEARCH_PATHS = (
					"$(inherited)",
					"/Applications/Xcode51-DP2.app/Contents/Developer/Toolchains/XcodeDefault.xctoolchain/usr/include",
				);
				INFOPLIST_FILE = "WheelyTestApp/WheelyTestApp-Info.plist";
				IPHONEOS_DEPLOYMENT_TARGET = 6.1;
				PRODUCT_NAME = "$(TARGET_NAME)";
				WRAPPER_EXTENSION = app;
			};
			name = Debug;
		};
		DB38ECF31868977200028517 /* Release */ = {
			isa = XCBuildConfiguration;
			buildSettings = {
				ASSETCATALOG_COMPILER_APPICON_NAME = AppIcon;
				ASSETCATALOG_COMPILER_LAUNCHIMAGE_NAME = LaunchImage;
				FRAMEWORK_SEARCH_PATHS = "";
				GCC_PRECOMPILE_PREFIX_HEADER = YES;
				GCC_PREFIX_HEADER = "WheelyTestApp/WheelyTestApp-Prefix.pch";
				HEADER_SEARCH_PATHS = (
					"$(inherited)",
					"/Applications/Xcode51-DP2.app/Contents/Developer/Toolchains/XcodeDefault.xctoolchain/usr/include",
				);
				INFOPLIST_FILE = "WheelyTestApp/WheelyTestApp-Info.plist";
				IPHONEOS_DEPLOYMENT_TARGET = 6.1;
				PRODUCT_NAME = "$(TARGET_NAME)";
				WRAPPER_EXTENSION = app;
			};
			name = Release;
		};
		DB38ECF51868977200028517 /* Debug */ = {
			isa = XCBuildConfiguration;
			buildSettings = {
				ARCHS = "$(ARCHS_STANDARD_INCLUDING_64_BIT)";
				BUNDLE_LOADER = "$(BUILT_PRODUCTS_DIR)/WheelyTestApp.app/WheelyTestApp";
				FRAMEWORK_SEARCH_PATHS = (
					"$(SDKROOT)/Developer/Library/Frameworks",
					"$(inherited)",
					"$(DEVELOPER_FRAMEWORKS_DIR)",
				);
				GCC_PRECOMPILE_PREFIX_HEADER = YES;
				GCC_PREFIX_HEADER = "WheelyTestApp/WheelyTestApp-Prefix.pch";
				GCC_PREPROCESSOR_DEFINITIONS = (
					"DEBUG=1",
					"$(inherited)",
				);
				INFOPLIST_FILE = "WheelyTestAppTests/WheelyTestAppTests-Info.plist";
				PRODUCT_NAME = "$(TARGET_NAME)";
				TEST_HOST = "$(BUNDLE_LOADER)";
				WRAPPER_EXTENSION = xctest;
			};
			name = Debug;
		};
		DB38ECF61868977200028517 /* Release */ = {
			isa = XCBuildConfiguration;
			buildSettings = {
				ARCHS = "$(ARCHS_STANDARD_INCLUDING_64_BIT)";
				BUNDLE_LOADER = "$(BUILT_PRODUCTS_DIR)/WheelyTestApp.app/WheelyTestApp";
				FRAMEWORK_SEARCH_PATHS = (
					"$(SDKROOT)/Developer/Library/Frameworks",
					"$(inherited)",
					"$(DEVELOPER_FRAMEWORKS_DIR)",
				);
				GCC_PRECOMPILE_PREFIX_HEADER = YES;
				GCC_PREFIX_HEADER = "WheelyTestApp/WheelyTestApp-Prefix.pch";
				INFOPLIST_FILE = "WheelyTestAppTests/WheelyTestAppTests-Info.plist";
				PRODUCT_NAME = "$(TARGET_NAME)";
				TEST_HOST = "$(BUNDLE_LOADER)";
				WRAPPER_EXTENSION = xctest;
			};
			name = Release;
		};
/* End XCBuildConfiguration section */

/* Begin XCConfigurationList section */
		DB38ECC01868977200028517 /* Build configuration list for PBXProject "WheelyTestApp" */ = {
			isa = XCConfigurationList;
			buildConfigurations = (
				DB38ECEF1868977200028517 /* Debug */,
				DB38ECF01868977200028517 /* Release */,
			);
			defaultConfigurationIsVisible = 0;
			defaultConfigurationName = Release;
		};
		DB38ECF11868977200028517 /* Build configuration list for PBXNativeTarget "WheelyTestApp" */ = {
			isa = XCConfigurationList;
			buildConfigurations = (
				DB38ECF21868977200028517 /* Debug */,
				DB38ECF31868977200028517 /* Release */,
			);
			defaultConfigurationIsVisible = 0;
			defaultConfigurationName = Release;
		};
		DB38ECF41868977200028517 /* Build configuration list for PBXNativeTarget "WheelyTestAppTests" */ = {
			isa = XCConfigurationList;
			buildConfigurations = (
				DB38ECF51868977200028517 /* Debug */,
				DB38ECF61868977200028517 /* Release */,
			);
			defaultConfigurationIsVisible = 0;
			defaultConfigurationName = Release;
		};
/* End XCConfigurationList section */
	};
	rootObject = DB38ECBD1868977200028517 /* Project object */;
}
